github.com/fangdingjun/go-log/v5 v5.0.0 h1:vdh9Bk9C4ZFL6KoO6rII73zQIyaLf7hFdBvucO/ckiE=
github.com/fangdingjun/go-log/v5 v5.0.0/go.mod h1:V012Oxo0/pSbccX4OFSp9MJglXwNsZo2ByBBorr7zzM=
github.com/fangdingjun/protolistener v0.0.0-20210804081554-626e6590d6e7 h1:z5NlLvUNbGZxQhtUZELvIorAqpDmcIhGQXE5GdO7+5I=
github.com/fangdingjun/protolistener v0.0.0-20210804081554-626e6590d6e7/go.mod h1:ljbjhI4fVrT5GwMu1iBhWTZwLJSqsXKwKlGKas5GudM=
github.com/pires/go-proxyproto v0.6.0/go.mod h1:Odh9VFOZJCf9G8cLW5o435Xf1J95Jw9Gw5rnCjcwzAY=
github.com/pires/go-proxyproto v0.6.1 h1:EBupykFmo22SDjv4fQVQd2J9NOoLPmyZA/15ldOGkPw=
github.com/pires/go-proxyproto v0.6.1/go.mod h1:Odh9VFOZJCf9G8cLW5o435Xf1J95Jw9Gw5rnCjcwzAY=
golang.org/x/crypto v0.0.0-20190308221718-c2843e01d9a2/go.mod h1:djNgcEr1/C05ACkg1iLfiJU5Ep61QUkGW8qpdssI0+w=
golang.org/x/crypto v0.45.0 h1:jMBrvKuj23MTlT0bQEOBcAE0mjg8mK9RXFhRH6nyF3Q=
golang.org/x/crypto v0.45.0/go.mod h1:XTGrrkGJve7CYK7J8PEww4aY7gM3qMCElcJQ8n8JdX4=
golang.org/x/sys v0.0.0-20190215142949-d0b11bdaac8a/go.mod h1:STP8DvDyc/dI5b8T5hshtkjS+E42TnysNCUPdjciGhY=
golang.org/x/sys v0.38.0 h1:3yZWxaJjBmCWXqhN1qh02AkOnCQ1poK6oF+a7xWL6Gc=
golang.org/x/sys v0.38.0/go.mod h1:OgkHotnGiDImocRcuBABYBEXf8A9a87e/uXjp9XT3ks=
golang.org/x/term v0.37.0 h1:8EGAD0qCmHYZg6J17DvsMy9/wJ7/D/4pV/wfnld5lTU=
golang.org/x/term v0.37.0/go.mod h1:5pB4lxRNYYVZuTLmy8oR2BH8dflOR+IbTYFD8fi3254=
gopkg.in/check.v1 v0.0.0-20161208181325-20d25e280405 h1:yhCVgyC4o1eVCa2tZl7eS0r+SDo693bJlVdllGtEeKM=
gopkg.in/check.v1 v0.0.0-20161208181325-20d25e280405/go.mod h1:Co6ibVJAznAaIkqp8huTwlJQCZ016jof/cbN4VW5Yz0=
gopkg.in/yaml.v2 v2.4.0 h1:D8xgwECY7CYvx+Y2n4sBz93Jn9JRvxdiyyo8CTfuKaY=
gopkg.in/yaml.v2 v2.4.0/go.mod h1:RDklbk79AGWmwhnvt/jBztapEOGDOx6ZbXqjP6csGnQ=
